// !$*UTF8*$!
{
	archiveVersion = 1;
	classes = {
	};
	objectVersion = 55;
	objects = {

/* Begin PBXBuildFile section */
		584F44D1298A482A0045B1BA /* AppDelegate.swift in Sources */ = {isa = PBXBuildFile; fileRef = 584F44D0298A482A0045B1BA /* AppDelegate.swift */; };
		584F44D3298A482A0045B1BA /* SceneDelegate.swift in Sources */ = {isa = PBXBuildFile; fileRef = 584F44D2298A482A0045B1BA /* SceneDelegate.swift */; };
		584F44D5298A482A0045B1BA /* ViewController.swift in Sources */ = {isa = PBXBuildFile; fileRef = 584F44D4298A482A0045B1BA /* ViewController.swift */; };
		584F44D8298A482A0045B1BA /* Main.storyboard in Resources */ = {isa = PBXBuildFile; fileRef = 584F44D6298A482A0045B1BA /* Main.storyboard */; };
		584F44DA298A482B0045B1BA /* Assets.xcassets in Resources */ = {isa = PBXBuildFile; fileRef = 584F44D9298A482B0045B1BA /* Assets.xcassets */; };
		584F44DD298A482B0045B1BA /* LaunchScreen.storyboard in Resources */ = {isa = PBXBuildFile; fileRef = 584F44DB298A482B0045B1BA /* LaunchScreen.storyboard */; };
		584F44E5298A4D880045B1BA /* Docs.swift in Sources */ = {isa = PBXBuildFile; fileRef = 584F44E4298A4D870045B1BA /* Docs.swift */; };
		584F44E7298B3DFC0045B1BA /* ImageRepository.swift in Sources */ = {isa = PBXBuildFile; fileRef = 584F44E6298B3DFC0045B1BA /* ImageRepository.swift */; };
		B2F88F2D7811EED7956F9461 /* Pods_URLCache.framework in Frameworks */ = {isa = PBXBuildFile; fileRef = 398553ED29B8B0538B30DCCE /* Pods_URLCache.framework */; };
/* End PBXBuildFile section */

/* Begin PBXFileReference section */
		398553ED29B8B0538B30DCCE /* Pods_URLCache.framework */ = {isa = PBXFileReference; explicitFileType = wrapper.framework; includeInIndex = 0; path = Pods_URLCache.framework; sourceTree = BUILT_PRODUCTS_DIR; };
		584F44CD298A482A0045B1BA /* URLCache.app */ = {isa = PBXFileReference; explicitFileType = wrapper.application; includeInIndex = 0; path = URLCache.app; sourceTree = BUILT_PRODUCTS_DIR; };
		584F44D0298A482A0045B1BA /* AppDelegate.swift */ = {isa = PBXFileReference; lastKnownFileType = sourcecode.swift; path = AppDelegate.swift; sourceTree = "<group>"; };
		584F44D2298A482A0045B1BA /* SceneDelegate.swift */ = {isa = PBXFileReference; lastKnownFileType = sourcecode.swift; path = SceneDelegate.swift; sourceTree = "<group>"; };
		584F44D4298A482A0045B1BA /* ViewController.swift */ = {isa = PBXFileReference; lastKnownFileType = sourcecode.swift; path = ViewController.swift; sourceTree = "<group>"; };
		584F44D7298A482A0045B1BA /* Base */ = {isa = PBXFileReference; lastKnownFileType = file.storyboard; name = Base; path = Base.lproj/Main.storyboard; sourceTree = "<group>"; };
		584F44D9298A482B0045B1BA /* Assets.xcassets */ = {isa = PBXFileReference; lastKnownFileType = folder.assetcatalog; path = Assets.xcassets; sourceTree = "<group>"; };
		584F44DC298A482B0045B1BA /* Base */ = {isa = PBXFileReference; lastKnownFileType = file.storyboard; name = Base; path = Base.lproj/LaunchScreen.storyboard; sourceTree = "<group>"; };
		584F44DE298A482B0045B1BA /* Info.plist */ = {isa = PBXFileReference; lastKnownFileType = text.plist.xml; path = Info.plist; sourceTree = "<group>"; };
		584F44E4298A4D870045B1BA /* Docs.swift */ = {isa = PBXFileReference; lastKnownFileType = sourcecode.swift; path = Docs.swift; sourceTree = "<group>"; };
		584F44E6298B3DFC0045B1BA /* ImageRepository.swift */ = {isa = PBXFileReference; lastKnownFileType = sourcecode.swift; path = ImageRepository.swift; sourceTree = "<group>"; };
		DE4BA8E65EBD80B165C2D82D /* Pods-URLCache.release.xcconfig */ = {isa = PBXFileReference; includeInIndex = 1; lastKnownFileType = text.xcconfig; name = "Pods-URLCache.release.xcconfig"; path = "Target Support Files/Pods-URLCache/Pods-URLCache.release.xcconfig"; sourceTree = "<group>"; };
		E620EBC610E4957620633778 /* Pods-URLCache.debug.xcconfig */ = {isa = PBXFileReference; includeInIndex = 1; lastKnownFileType = text.xcconfig; name = "Pods-URLCache.debug.xcconfig"; path = "Target Support Files/Pods-URLCache/Pods-URLCache.debug.xcconfig"; sourceTree = "<group>"; };
/* End PBXFileReference section */

/* Begin PBXFrameworksBuildPhase section */
		584F44CA298A482A0045B1BA /* Frameworks */ = {
			isa = PBXFrameworksBuildPhase;
			buildActionMask = 2147483647;
			files = (
				B2F88F2D7811EED7956F9461 /* Pods_URLCache.framework in Frameworks */,
			);
			runOnlyForDeploymentPostprocessing = 0;
		};
/* End PBXFrameworksBuildPhase section */

/* Begin PBXGroup section */
		584F44C4298A482A0045B1BA = {
			isa = PBXGroup;
			children = (
				584F44CF298A482A0045B1BA /* URLCache */,
				584F44CE298A482A0045B1BA /* Products */,
				A0F258C79D9777084FDE19E9 /* Pods */,
				D20A4FF482D70C8D19911A5A /* Frameworks */,
			);
			sourceTree = "<group>";
		};
		584F44CE298A482A0045B1BA /* Products */ = {
			isa = PBXGroup;
			children = (
				584F44CD298A482A0045B1BA /* URLCache.app */,
			);
			name = Products;
			sourceTree = "<group>";
		};
		584F44CF298A482A0045B1BA /* URLCache */ = {
			isa = PBXGroup;
			children = (
				584F44E4298A4D870045B1BA /* Docs.swift */,
				584F44D0298A482A0045B1BA /* AppDelegate.swift */,
				584F44D2298A482A0045B1BA /* SceneDelegate.swift */,
				584F44D4298A482A0045B1BA /* ViewController.swift */,
				584F44E6298B3DFC0045B1BA /* ImageRepository.swift */,
				584F44D6298A482A0045B1BA /* Main.storyboard */,
				584F44D9298A482B0045B1BA /* Assets.xcassets */,
				584F44DB298A482B0045B1BA /* LaunchScreen.storyboard */,
				584F44DE298A482B0045B1BA /* Info.plist */,
			);
			path = URLCache;
			sourceTree = "<group>";
		};
		A0F258C79D9777084FDE19E9 /* Pods */ = {
			isa = PBXGroup;
			children = (
				E620EBC610E4957620633778 /* Pods-URLCache.debug.xcconfig */,
				DE4BA8E65EBD80B165C2D82D /* Pods-URLCache.release.xcconfig */,
			);
			path = Pods;
			sourceTree = "<group>";
		};
		D20A4FF482D70C8D19911A5A /* Frameworks */ = {
			isa = PBXGroup;
			children = (
				398553ED29B8B0538B30DCCE /* Pods_URLCache.framework */,
			);
			name = Frameworks;
			sourceTree = "<group>";
		};
/* End PBXGroup section */

/* Begin PBXNativeTarget section */
		584F44CC298A482A0045B1BA /* URLCache */ = {
			isa = PBXNativeTarget;
			buildConfigurationList = 584F44E1298A482B0045B1BA /* Build configuration list for PBXNativeTarget "URLCache" */;
			buildPhases = (
				EC4A7B55FF25DCD5221E97F9 /* [CP] Check Pods Manifest.lock */,
				584F44C9298A482A0045B1BA /* Sources */,
				584F44CA298A482A0045B1BA /* Frameworks */,
				584F44CB298A482A0045B1BA /* Resources */,
				206220A4634D9C493BE0A708 /* [CP] Embed Pods Frameworks */,
			);
			buildRules = (
			);
			dependencies = (
			);
			name = URLCache;
			productName = URLCache;
			productReference = 584F44CD298A482A0045B1BA /* URLCache.app */;
			productType = "com.apple.product-type.application";
		};
/* End PBXNativeTarget section */

/* Begin PBXProject section */
		584F44C5298A482A0045B1BA /* Project object */ = {
			isa = PBXProject;
			attributes = {
				BuildIndependentTargetsInParallel = 1;
				LastSwiftUpdateCheck = 1420;
				LastUpgradeCheck = 1420;
				TargetAttributes = {
					584F44CC298A482A0045B1BA = {
						CreatedOnToolsVersion = 14.2;
					};
				};
			};
			buildConfigurationList = 584F44C8298A482A0045B1BA /* Build configuration list for PBXProject "URLCache" */;
			compatibilityVersion = "Xcode 13.0";
			developmentRegion = en;
			hasScannedForEncodings = 0;
			knownRegions = (
				en,
				Base,
			);
			mainGroup = 584F44C4298A482A0045B1BA;
			productRefGroup = 584F44CE298A482A0045B1BA /* Products */;
			projectDirPath = "";
			projectRoot = "";
			targets = (
				584F44CC298A482A0045B1BA /* URLCache */,
			);
		};
/* End PBXProject section */

/* Begin PBXResourcesBuildPhase section */
		584F44CB298A482A0045B1BA /* Resources */ = {
			isa = PBXResourcesBuildPhase;
			buildActionMask = 2147483647;
			files = (
				584F44DD298A482B0045B1BA /* LaunchScreen.storyboard in Resources */,
				584F44DA298A482B0045B1BA /* Assets.xcassets in Resources */,
				584F44D8298A482A0045B1BA /* Main.storyboard in Resources */,
			);
			runOnlyForDeploymentPostprocessing = 0;
		};
/* End PBXResourcesBuildPhase section */

/* Begin PBXShellScriptBuildPhase section */
		206220A4634D9C493BE0A708 /* [CP] Embed Pods Frameworks */ = {
			isa = PBXShellScriptBuildPhase;
			buildActionMask = 2147483647;
			files = (
			);
			inputFileListPaths = (
				"${PODS_ROOT}/Target Support Files/Pods-URLCache/Pods-URLCache-frameworks-${CONFIGURATION}-input-files.xcfilelist",
			);
			name = "[CP] Embed Pods Frameworks";
			outputFileListPaths = (
				"${PODS_ROOT}/Target Support Files/Pods-URLCache/Pods-URLCache-frameworks-${CONFIGURATION}-output-files.xcfilelist",
			);
			runOnlyForDeploymentPostprocessing = 0;
			shellPath = /bin/sh;
			shellScript = "\"${PODS_ROOT}/Target Support Files/Pods-URLCache/Pods-URLCache-frameworks.sh\"\n";
			showEnvVarsInLog = 0;
		};
		EC4A7B55FF25DCD5221E97F9 /* [CP] Check Pods Manifest.lock */ = {
			isa = PBXShellScriptBuildPhase;
			buildActionMask = 2147483647;
			files = (
			);
			inputFileListPaths = (
			);
			inputPaths = (
				"${PODS_PODFILE_DIR_PATH}/Podfile.lock",
				"${PODS_ROOT}/Manifest.lock",
			);
			name = "[CP] Check Pods Manifest.lock";
			outputFileListPaths = (
			);
			outputPaths = (
				"$(DERIVED_FILE_DIR)/Pods-URLCache-checkManifestLockResult.txt",
			);
			runOnlyForDeploymentPostprocessing = 0;
			shellPath = /bin/sh;
			shellScript = "diff \"${PODS_PODFILE_DIR_PATH}/Podfile.lock\" \"${PODS_ROOT}/Manifest.lock\" > /dev/null\nif [ $? != 0 ] ; then\n    # print error to STDERR\n    echo \"error: The sandbox is not in sync with the Podfile.lock. Run 'pod install' or update your CocoaPods installation.\" >&2\n    exit 1\nfi\n# This output is used by Xcode 'outputs' to avoid re-running this script phase.\necho \"SUCCESS\" > \"${SCRIPT_OUTPUT_FILE_0}\"\n";
			showEnvVarsInLog = 0;
		};
/* End PBXShellScriptBuildPhase section */

/* Begin PBXSourcesBuildPhase section */
		584F44C9298A482A0045B1BA /* Sources */ = {
			isa = PBXSourcesBuildPhase;
			buildActionMask = 2147483647;
			files = (
				584F44D5298A482A0045B1BA /* ViewController.swift in Sources */,
				584F44D1298A482A0045B1BA /* AppDelegate.swift in Sources */,
				584F44E7298B3DFC0045B1BA /* ImageRepository.swift in Sources */,
				584F44E5298A4D880045B1BA /* Docs.swift in Sources */,
				584F44D3298A482A0045B1BA /* SceneDelegate.swift in Sources */,
			);
			runOnlyForDeploymentPostprocessing = 0;
		};
/* End PBXSourcesBuildPhase section */

/* Begin PBXVariantGroup section */
		584F44D6298A482A0045B1BA /* Main.storyboard */ = {
			isa = PBXVariantGroup;
			children = (
				584F44D7298A482A0045B1BA /* Base */,
			);
			name = Main.storyboard;
			sourceTree = "<group>";
		};
		584F44DB298A482B0045B1BA /* LaunchScreen.storyboard */ = {
			isa = PBXVariantGroup;
			children = (
				584F44DC298A482B0045B1BA /* Base */,
			);
			name = LaunchScreen.storyboard;
			sourceTree = "<group>";
		};
/* End PBXVariantGroup section */

/* Begin XCBuildConfiguration section */
		584F44DF298A482B0045B1BA /* Debug */ = {
			isa = XCBuildConfiguration;
			buildSettings = {
				ALWAYS_SEARCH_USER_PATHS = NO;
				CLANG_ANALYZER_NONNULL = YES;
				CLANG_ANALYZER_NUMBER_OBJECT_CONVERSION = YES_AGGRESSIVE;
				CLANG_CXX_LANGUAGE_STANDARD = "gnu++20";
				CLANG_ENABLE_MODULES = YES;
				CLANG_ENABLE_OBJC_ARC = YES;
				CLANG_ENABLE_OBJC_WEAK = YES;
				CLANG_WARN_BLOCK_CAPTURE_AUTORELEASING = YES;
				CLANG_WARN_BOOL_CONVERSION = YES;
				CLANG_WARN_COMMA = YES;
				CLANG_WARN_CONSTANT_CONVERSION = YES;
				CLANG_WARN_DEPRECATED_OBJC_IMPLEMENTATIONS = YES;
				CLANG_WARN_DIRECT_OBJC_ISA_USAGE = YES_ERROR;
				CLANG_WARN_DOCUMENTATION_COMMENTS = YES;
				CLANG_WARN_EMPTY_BODY = YES;
				CLANG_WARN_ENUM_CONVERSION = YES;
				CLANG_WARN_INFINITE_RECURSION = YES;
				CLANG_WARN_INT_CONVERSION = YES;
				CLANG_WARN_NON_LITERAL_NULL_CONVERSION = YES;
				CLANG_WARN_OBJC_IMPLICIT_RETAIN_SELF = YES;
				CLANG_WARN_OBJC_LITERAL_CONVERSION = YES;
				CLANG_WARN_OBJC_ROOT_CLASS = YES_ERROR;
				CLANG_WARN_QUOTED_INCLUDE_IN_FRAMEWORK_HEADER = YES;
				CLANG_WARN_RANGE_LOOP_ANALYSIS = YES;
				CLANG_WARN_STRICT_PROTOTYPES = YES;
				CLANG_WARN_SUSPICIOUS_MOVE = YES;
				CLANG_WARN_UNGUARDED_AVAILABILITY = YES_AGGRESSIVE;
				CLANG_WARN_UNREACHABLE_CODE = YES;
				CLANG_WARN__DUPLICATE_METHOD_MATCH = YES;
				COPY_PHASE_STRIP = NO;
				DEBUG_INFORMATION_FORMAT = dwarf;
				ENABLE_STRICT_OBJC_MSGSEND = YES;
				ENABLE_TESTABILITY = YES;
				GCC_C_LANGUAGE_STANDARD = gnu11;
				GCC_DYNAMIC_NO_PIC = NO;
				GCC_NO_COMMON_BLOCKS = YES;
				GCC_OPTIMIZATION_LEVEL = 0;
				GCC_PREPROCESSOR_DEFINITIONS = (
					"DEBUG=1",
					"$(inherited)",
				);
				GCC_WARN_64_TO_32_BIT_CONVERSION = YES;
				GCC_WARN_ABOUT_RETURN_TYPE = YES_ERROR;
				GCC_WARN_UNDECLARED_SELECTOR = YES;
				GCC_WARN_UNINITIALIZED_AUTOS = YES_AGGRESSIVE;
				GCC_WARN_UNUSED_FUNCTION = YES;
				GCC_WARN_UNUSED_VARIABLE = YES;
				IPHONEOS_DEPLOYMENT_TARGET = 16.2;
				MTL_ENABLE_DEBUG_INFO = INCLUDE_SOURCE;
				MTL_FAST_MATH = YES;
				ONLY_ACTIVE_ARCH = YES;
				SDKROOT = iphoneos;
				SWIFT_ACTIVE_COMPILATION_CONDITIONS = DEBUG;
				SWIFT_OPTIMIZATION_LEVEL = "-Onone";
			};
			name = Debug;
		};
		584F44E0298A482B0045B1BA /* Release */ = {
			isa = XCBuildConfiguration;
			buildSettings = {
				ALWAYS_SEARCH_USER_PATHS = NO;
				CLANG_ANALYZER_NONNULL = YES;
				CLANG_ANALYZER_NUMBER_OBJECT_CONVERSION = YES_AGGRESSIVE;
				CLANG_CXX_LANGUAGE_STANDARD = "gnu++20";
				CLANG_ENABLE_MODULES = YES;
				CLANG_ENABLE_OBJC_ARC = YES;
				CLANG_ENABLE_OBJC_WEAK = YES;
				CLANG_WARN_BLOCK_CAPTURE_AUTORELEASING = YES;
				CLANG_WARN_BOOL_CONVERSION = YES;
				CLANG_WARN_COMMA = YES;
				CLANG_WARN_CONSTANT_CONVERSION = YES;
				CLANG_WARN_DEPRECATED_OBJC_IMPLEMENTATIONS = YES;
				CLANG_WARN_DIRECT_OBJC_ISA_USAGE = YES_ERROR;
				CLANG_WARN_DOCUMENTATION_COMMENTS = YES;
				CLANG_WARN_EMPTY_BODY = YES;
				CLANG_WARN_ENUM_CONVERSION = YES;
				CLANG_WARN_INFINITE_RECURSION = YES;
				CLANG_WARN_INT_CONVERSION = YES;
				CLANG_WARN_NON_LITERAL_NULL_CONVERSION = YES;
				CLANG_WARN_OBJC_IMPLICIT_RETAIN_SELF = YES;
				CLANG_WARN_OBJC_LITERAL_CONVERSION = YES;
				CLANG_WARN_OBJC_ROOT_CLASS = YES_ERROR;
				CLANG_WARN_QUOTED_INCLUDE_IN_FRAMEWORK_HEADER = YES;
				CLANG_WARN_RANGE_LOOP_ANALYSIS = YES;
				CLANG_WARN_STRICT_PROTOTYPES = YES;
				CLANG_WARN_SUSPICIOUS_MOVE = YES;
				CLANG_WARN_UNGUARDED_AVAILABILITY = YES_AGGRESSIVE;
				CLANG_WARN_UNREACHABLE_CODE = YES;
				CLANG_WARN__DUPLICATE_METHOD_MATCH = YES;
				COPY_PHASE_STRIP = NO;
				DEBUG_INFORMATION_FORMAT = "dwarf-with-dsym";
				ENABLE_NS_ASSERTIONS = NO;
				ENABLE_STRICT_OBJC_MSGSEND = YES;
				GCC_C_LANGUAGE_STANDARD = gnu11;
				GCC_NO_COMMON_BLOCKS = YES;
				GCC_WARN_64_TO_32_BIT_CONVERSION = YES;
				GCC_WARN_ABOUT_RETURN_TYPE = YES_ERROR;
				GCC_WARN_UNDECLARED_SELECTOR = YES;
				GCC_WARN_UNINITIALIZED_AUTOS = YES_AGGRESSIVE;
				GCC_WARN_UNUSED_FUNCTION = YES;
				GCC_WARN_UNUSED_VARIABLE = YES;
				IPHONEOS_DEPLOYMENT_TARGET = 16.2;
				MTL_ENABLE_DEBUG_INFO = NO;
				MTL_FAST_MATH = YES;
				SDKROOT = iphoneos;
				SWIFT_COMPILATION_MODE = wholemodule;
				SWIFT_OPTIMIZATION_LEVEL = "-O";
				VALIDATE_PRODUCT = YES;
			};
			name = Release;
		};
		584F44E2298A482B0045B1BA /* Debug */ = {
			isa = XCBuildConfiguration;
			baseConfigurationReference = E620EBC610E4957620633778 /* Pods-URLCache.debug.xcconfig */;
			buildSettings = {
				ASSETCATALOG_COMPILER_APPICON_NAME = AppIcon;
				ASSETCATALOG_COMPILER_GLOBAL_ACCENT_COLOR_NAME = AccentColor;
				CODE_SIGN_STYLE = Automatic;
				CURRENT_PROJECT_VERSION = 1;
				DEVELOPMENT_TEAM = A6799ZJFEN;
				GENERATE_INFOPLIST_FILE = YES;
				INFOPLIST_FILE = URLCache/Info.plist;
				INFOPLIST_KEY_UIApplicationSupportsIndirectInputEvents = YES;
				INFOPLIST_KEY_UILaunchStoryboardName = LaunchScreen;
				INFOPLIST_KEY_UIMainStoryboardFile = Main;
				INFOPLIST_KEY_UISupportedInterfaceOrientations_iPad = "UIInterfaceOrientationPortrait UIInterfaceOrientationPortraitUpsideDown UIInterfaceOrientationLandscapeLeft UIInterfaceOrientationLandscapeRight";
				INFOPLIST_KEY_UISupportedInterfaceOrientations_iPhone = "UIInterfaceOrientationPortrait UIInterfaceOrientationLandscapeLeft UIInterfaceOrientationLandscapeRight";
				IPHONEOS_DEPLOYMENT_TARGET = 16.0;
				LD_RUNPATH_SEARCH_PATHS = (
					"$(inherited)",
					"@executable_path/Frameworks",
				);
				MARKETING_VERSION = 1.0;
				PRODUCT_BUNDLE_IDENTIFIER = com.nghiaTran2022.dev.URLCache;
				PRODUCT_NAME = "$(TARGET_NAME)";
				SUPPORTED_PLATFORMS = "iphoneos iphonesimulator";
				SUPPORTS_MACCATALYST = NO;
				SUPPORTS_MAC_DESIGNED_FOR_IPHONE_IPAD = NO;
				SWIFT_EMIT_LOC_STRINGS = YES;
				SWIFT_VERSION = 5.0;
				TARGETED_DEVICE_FAMILY = "1,2";
			};
			name = Debug;
		};
		584F44E3298A482B0045B1BA /* Release */ = {
			isa = XCBuildConfiguration;
			baseConfigurationReference = DE4BA8E65EBD80B165C2D82D /* Pods-URLCache.release.xcconfig */;
			buildSettings = {
				ASSETCATALOG_COMPILER_APPICON_NAME = AppIcon;
				ASSETCATALOG_COMPILER_GLOBAL_ACCENT_COLOR_NAME = AccentColor;
				CODE_SIGN_STYLE = Automatic;
				CURRENT_PROJECT_VERSION = 1;
				DEVELOPMENT_TEAM = A6799ZJFEN;
				GENERATE_INFOPLIST_FILE = YES;
				INFOPLIST_FILE = URLCache/Info.plist;
				INFOPLIST_KEY_UIApplicationSupportsIndirectInputEvents = YES;
				INFOPLIST_KEY_UILaunchStoryboardName = LaunchScreen;
				INFOPLIST_KEY_UIMainStoryboardFile = Main;
				INFOPLIST_KEY_UISupportedInterfaceOrientations_iPad = "UIInterfaceOrientationPortrait UIInterfaceOrientationPortraitUpsideDown UIInterfaceOrientationLandscapeLeft UIInterfaceOrientationLandscapeRight";
				INFOPLIST_KEY_UISupportedInterfaceOrientations_iPhone = "UIInterfaceOrientationPortrait UIInterfaceOrientationLandscapeLeft UIInterfaceOrientationLandscapeRight";
				IPHONEOS_DEPLOYMENT_TARGET = 16.0;
				LD_RUNPATH_SEARCH_PATHS = (
					"$(inherited)",
					"@executable_path/Frameworks",
				);
				MARKETING_VERSION = 1.0;
				PRODUCT_BUNDLE_IDENTIFIER = com.nghiaTran2022.dev.URLCache;
				PRODUCT_NAME = "$(TARGET_NAME)";
				SUPPORTED_PLATFORMS = "iphoneos iphonesimulator";
				SUPPORTS_MACCATALYST = NO;
				SUPPORTS_MAC_DESIGNED_FOR_IPHONE_IPAD = NO;
				SWIFT_EMIT_LOC_STRINGS = YES;
				SWIFT_VERSION = 5.0;
				TARGETED_DEVICE_FAMILY = "1,2";
			};
			name = Release;
		};
/* End XCBuildConfiguration section */

/* Begin XCConfigurationList section */
		584F44C8298A482A0045B1BA /* Build configuration list for PBXProject "URLCache" */ = {
			isa = XCConfigurationList;
			buildConfigurations = (
				584F44DF298A482B0045B1BA /* Debug */,
				584F44E0298A482B0045B1BA /* Release */,
			);
			defaultConfigurationIsVisible = 0;
			defaultConfigurationName = Release;
		};
		584F44E1298A482B0045B1BA /* Build configuration list for PBXNativeTarget "URLCache" */ = {
			isa = XCConfigurationList;
			buildConfigurations = (
				584F44E2298A482B0045B1BA /* Debug */,
				584F44E3298A482B0045B1BA /* Release */,
			);
			defaultConfigurationIsVisible = 0;
			defaultConfigurationName = Release;
		};
/* End XCConfigurationList section */
	};
	rootObject = 584F44C5298A482A0045B1BA /* Project object */;
}
